// !$*UTF8*$!
{
	archiveVersion = 1;
	classes = {
	};
	objectVersion = 48;
	objects = {

/* Begin PBXBuildFile section */
		09C99C452017C38500B7625A /* cthulhu.png in Resources */ = {isa = PBXBuildFile; fileRef = 09C99C442017C38500B7625A /* cthulhu.png */; };
		09D19A48201788A30015AED4 /* AppDelegate.m in Sources */ = {isa = PBXBuildFile; fileRef = 09D19A47201788A30015AED4 /* AppDelegate.m */; };
		09D19A4B201788A30015AED4 /* ViewController.m in Sources */ = {isa = PBXBuildFile; fileRef = 09D19A4A201788A30015AED4 /* ViewController.m */; };
		09D19A4E201788A30015AED4 /* Main.storyboard in Resources */ = {isa = PBXBuildFile; fileRef = 09D19A4C201788A30015AED4 /* Main.storyboard */; };
		09D19A50201788A30015AED4 /* Assets.xcassets in Resources */ = {isa = PBXBuildFile; fileRef = 09D19A4F201788A30015AED4 /* Assets.xcassets */; };
		09D19A53201788A30015AED4 /* LaunchScreen.storyboard in Resources */ = {isa = PBXBuildFile; fileRef = 09D19A51201788A30015AED4 /* LaunchScreen.storyboard */; };
		09D19A56201788A30015AED4 /* main.m in Sources */ = {isa = PBXBuildFile; fileRef = 09D19A55201788A30015AED4 /* main.m */; };
		09D19A5E201789A80015AED4 /* MapKit.framework in Frameworks */ = {isa = PBXBuildFile; fileRef = 09D19A5D201789A80015AED4 /* MapKit.framework */; settings = {ATTRIBUTES = (Required, ); }; };
		09D19A6120178E410015AED4 /* PuntoInteres.m in Sources */ = {isa = PBXBuildFile; fileRef = 09D19A6020178E410015AED4 /* PuntoInteres.m */; };
		09D19A632017A7050015AED4 /* poo.png in Resources */ = {isa = PBXBuildFile; fileRef = 09D19A622017A7050015AED4 /* poo.png */; };
/* End PBXBuildFile section */

/* Begin PBXFileReference section */
		09C99C442017C38500B7625A /* cthulhu.png */ = {isa = PBXFileReference; lastKnownFileType = image.png; name = cthulhu.png; path = Assets.xcassets/cthulhu.png; sourceTree = "<group>"; };
		09D19A43201788A30015AED4 /* PruebasMapas.app */ = {isa = PBXFileReference; explicitFileType = wrapper.application; includeInIndex = 0; path = PruebasMapas.app; sourceTree = BUILT_PRODUCTS_DIR; };
		09D19A46201788A30015AED4 /* AppDelegate.h */ = {isa = PBXFileReference; lastKnownFileType = sourcecode.c.h; path = AppDelegate.h; sourceTree = "<group>"; };
		09D19A47201788A30015AED4 /* AppDelegate.m */ = {isa = PBXFileReference; lastKnownFileType = sourcecode.c.objc; path = AppDelegate.m; sourceTree = "<group>"; };
		09D19A49201788A30015AED4 /* ViewController.h */ = {isa = PBXFileReference; lastKnownFileType = sourcecode.c.h; path = ViewController.h; sourceTree = "<group>"; };
		09D19A4A201788A30015AED4 /* ViewController.m */ = {isa = PBXFileReference; lastKnownFileType = sourcecode.c.objc; path = ViewController.m; sourceTree = "<group>"; };
		09D19A4D201788A30015AED4 /* Base */ = {isa = PBXFileReference; lastKnownFileType = file.storyboard; name = Base; path = Base.lproj/Main.storyboard; sourceTree = "<group>"; };
		09D19A4F201788A30015AED4 /* Assets.xcassets */ = {isa = PBXFileReference; lastKnownFileType = folder.assetcatalog; path = Assets.xcassets; sourceTree = "<group>"; };
		09D19A52201788A30015AED4 /* Base */ = {isa = PBXFileReference; lastKnownFileType = file.storyboard; name = Base; path = Base.lproj/LaunchScreen.storyboard; sourceTree = "<group>"; };
		09D19A54201788A30015AED4 /* Info.plist */ = {isa = PBXFileReference; lastKnownFileType = text.plist.xml; path = Info.plist; sourceTree = "<group>"; };
		09D19A55201788A30015AED4 /* main.m */ = {isa = PBXFileReference; lastKnownFileType = sourcecode.c.objc; path = main.m; sourceTree = "<group>"; };
		09D19A5D201789A80015AED4 /* MapKit.framework */ = {isa = PBXFileReference; lastKnownFileType = wrapper.framework; name = MapKit.framework; path = System/Library/Frameworks/MapKit.framework; sourceTree = SDKROOT; };
		09D19A5F20178E410015AED4 /* PuntoInteres.h */ = {isa = PBXFileReference; lastKnownFileType = sourcecode.c.h; path = PuntoInteres.h; sourceTree = "<group>"; };
		09D19A6020178E410015AED4 /* PuntoInteres.m */ = {isa = PBXFileReference; lastKnownFileType = sourcecode.c.objc; path = PuntoInteres.m; sourceTree = "<group>"; };
		09D19A622017A7050015AED4 /* poo.png */ = {isa = PBXFileReference; lastKnownFileType = image.png; name = poo.png; path = Assets.xcassets/poo.png; sourceTree = "<group>"; };
/* End PBXFileReference section */

/* Begin PBXFrameworksBuildPhase section */
		09D19A40201788A30015AED4 /* Frameworks */ = {
			isa = PBXFrameworksBuildPhase;
			buildActionMask = 2147483647;
			files = (
				09D19A5E201789A80015AED4 /* MapKit.framework in Frameworks */,
			);
			runOnlyForDeploymentPostprocessing = 0;
		};
/* End PBXFrameworksBuildPhase section */

/* Begin PBXGroup section */
		09D19A3A201788A30015AED4 = {
			isa = PBXGroup;
			children = (
				09D19A45201788A30015AED4 /* PruebasMapas */,
				09D19A44201788A30015AED4 /* Products */,
				09D19A5C201789A80015AED4 /* Frameworks */,
			);
			sourceTree = "<group>";
		};
		09D19A44201788A30015AED4 /* Products */ = {
			isa = PBXGroup;
			children = (
				09D19A43201788A30015AED4 /* PruebasMapas.app */,
			);
			name = Products;
			sourceTree = "<group>";
		};
		09D19A45201788A30015AED4 /* PruebasMapas */ = {
			isa = PBXGroup;
			children = (
				09D19A46201788A30015AED4 /* AppDelegate.h */,
				09D19A47201788A30015AED4 /* AppDelegate.m */,
				09D19A49201788A30015AED4 /* ViewController.h */,
				09D19A4A201788A30015AED4 /* ViewController.m */,
				09D19A4C201788A30015AED4 /* Main.storyboard */,
				09D19A4F201788A30015AED4 /* Assets.xcassets */,
				09C99C442017C38500B7625A /* cthulhu.png */,
				09D19A622017A7050015AED4 /* poo.png */,
				09D19A51201788A30015AED4 /* LaunchScreen.storyboard */,
				09D19A54201788A30015AED4 /* Info.plist */,
				09D19A55201788A30015AED4 /* main.m */,
				09D19A5F20178E410015AED4 /* PuntoInteres.h */,
				09D19A6020178E410015AED4 /* PuntoInteres.m */,
			);
			path = PruebasMapas;
			sourceTree = "<group>";
		};
		09D19A5C201789A80015AED4 /* Frameworks */ = {
			isa = PBXGroup;
			children = (
				09D19A5D201789A80015AED4 /* MapKit.framework */,
			);
			name = Frameworks;
			sourceTree = "<group>";
		};
/* End PBXGroup section */

/* Begin PBXNativeTarget section */
		09D19A42201788A30015AED4 /* PruebasMapas */ = {
			isa = PBXNativeTarget;
			buildConfigurationList = 09D19A59201788A30015AED4 /* Build configuration list for PBXNativeTarget "PruebasMapas" */;
			buildPhases = (
				09D19A3F201788A30015AED4 /* Sources */,
				09D19A40201788A30015AED4 /* Frameworks */,
				09D19A41201788A30015AED4 /* Resources */,
			);
			buildRules = (
			);
			dependencies = (
			);
			name = PruebasMapas;
			productName = PruebasMapas;
			productReference = 09D19A43201788A30015AED4 /* PruebasMapas.app */;
			productType = "com.apple.product-type.application";
		};
/* End PBXNativeTarget section */

/* Begin PBXProject section */
		09D19A3B201788A30015AED4 /* Project object */ = {
			isa = PBXProject;
			attributes = {
				LastUpgradeCheck = 0920;
				ORGANIZATIONNAME = TATINC;
				TargetAttributes = {
					09D19A42201788A30015AED4 = {
						CreatedOnToolsVersion = 9.2;
						ProvisioningStyle = Automatic;
						SystemCapabilities = {
							com.apple.Maps.iOS = {
								enabled = 0;
							};
						};
					};
				};
			};
			buildConfigurationList = 09D19A3E201788A30015AED4 /* Build configuration list for PBXProject "PruebasMapas" */;
			compatibilityVersion = "Xcode 8.0";
			developmentRegion = en;
			hasScannedForEncodings = 0;
			knownRegions = (
				en,
				Base,
			);
			mainGroup = 09D19A3A201788A30015AED4;
			productRefGroup = 09D19A44201788A30015AED4 /* Products */;
			projectDirPath = "";
			projectRoot = "";
			targets = (
				09D19A42201788A30015AED4 /* PruebasMapas */,
			);
		};
/* End PBXProject section */

/* Begin PBXResourcesBuildPhase section */
		09D19A41201788A30015AED4 /* Resources */ = {
			isa = PBXResourcesBuildPhase;
			buildActionMask = 2147483647;
			files = (
				09C99C452017C38500B7625A /* cthulhu.png in Resources */,
				09D19A632017A7050015AED4 /* poo.png in Resources */,
				09D19A53201788A30015AED4 /* LaunchScreen.storyboard in Resources */,
				09D19A50201788A30015AED4 /* Assets.xcassets in Resources */,
				09D19A4E201788A30015AED4 /* Main.storyboard in Resources */,
			);
			runOnlyForDeploymentPostprocessing = 0;
		};
/* End PBXResourcesBuildPhase section */

/* Begin PBXSourcesBuildPhase section */
		09D19A3F201788A30015AED4 /* Sources */ = {
			isa = PBXSourcesBuildPhase;
			buildActionMask = 2147483647;
			files = (
				09D19A4B201788A30015AED4 /* ViewController.m in Sources */,
				09D19A6120178E410015AED4 /* PuntoInteres.m in Sources */,
				09D19A56201788A30015AED4 /* main.m in Sources */,
				09D19A48201788A30015AED4 /* AppDelegate.m in Sources */,
			);
			runOnlyForDeploymentPostprocessing = 0;
		};
/* End PBXSourcesBuildPhase section */

/* Begin PBXVariantGroup section */
		09D19A4C201788A30015AED4 /* Main.storyboard */ = {
			isa = PBXVariantGroup;
			children = (
				09D19A4D201788A30015AED4 /* Base */,
			);
			name = Main.storyboard;
			sourceTree = "<group>";
		};
		09D19A51201788A30015AED4 /* LaunchScreen.storyboard */ = {
			isa = PBXVariantGroup;
			children = (
				09D19A52201788A30015AED4 /* Base */,
			);
			name = LaunchScreen.storyboard;
			sourceTree = "<group>";
		};
/* End PBXVariantGroup section */

/* Begin XCBuildConfiguration section */
		09D19A57201788A30015AED4 /* Debug */ = {
			isa = XCBuildConfiguration;
			buildSettings = {
				ALWAYS_SEARCH_USER_PATHS = NO;
				CLANG_ANALYZER_NONNULL = YES;
				CLANG_ANALYZER_NUMBER_OBJECT_CONVERSION = YES_AGGRESSIVE;
				CLANG_CXX_LANGUAGE_STANDARD = "gnu++14";
				CLANG_CXX_LIBRARY = "libc++";
				CLANG_ENABLE_MODULES = YES;
				CLANG_ENABLE_OBJC_ARC = YES;
				CLANG_WARN_BLOCK_CAPTURE_AUTORELEASING = YES;
				CLANG_WARN_BOOL_CONVERSION = YES;
				CLANG_WARN_COMMA = YES;
				CLANG_WARN_CONSTANT_CONVERSION = YES;
				CLANG_WARN_DIRECT_OBJC_ISA_USAGE = YES_ERROR;
				CLANG_WARN_DOCUMENTATION_COMMENTS = YES;
				CLANG_WARN_EMPTY_BODY = YES;
				CLANG_WARN_ENUM_CONVERSION = YES;
				CLANG_WARN_INFINITE_RECURSION = YES;
				CLANG_WARN_INT_CONVERSION = YES;
				CLANG_WARN_NON_LITERAL_NULL_CONVERSION = YES;
				CLANG_WARN_OBJC_LITERAL_CONVERSION = YES;
				CLANG_WARN_OBJC_ROOT_CLASS = YES_ERROR;
				CLANG_WARN_RANGE_LOOP_ANALYSIS = YES;
				CLANG_WARN_STRICT_PROTOTYPES = YES;
				CLANG_WARN_SUSPICIOUS_MOVE = YES;
				CLANG_WARN_UNGUARDED_AVAILABILITY = YES_AGGRESSIVE;
				CLANG_WARN_UNREACHABLE_CODE = YES;
				CLANG_WARN__DUPLICATE_METHOD_MATCH = YES;
				CODE_SIGN_IDENTITY = "iPhone Developer";
				COPY_PHASE_STRIP = NO;
				DEBUG_INFORMATION_FORMAT = dwarf;
				ENABLE_STRICT_OBJC_MSGSEND = YES;
				ENABLE_TESTABILITY = YES;
				GCC_C_LANGUAGE_STANDARD = gnu11;
				GCC_DYNAMIC_NO_PIC = NO;
				GCC_NO_COMMON_BLOCKS = YES;
				GCC_OPTIMIZATION_LEVEL = 0;
				GCC_PREPROCESSOR_DEFINITIONS = (
					"DEBUG=1",
					"$(inherited)",
				);
				GCC_WARN_64_TO_32_BIT_CONVERSION = YES;
				GCC_WARN_ABOUT_RETURN_TYPE = YES_ERROR;
				GCC_WARN_UNDECLARED_SELECTOR = YES;
				GCC_WARN_UNINITIALIZED_AUTOS = YES_AGGRESSIVE;
				GCC_WARN_UNUSED_FUNCTION = YES;
				GCC_WARN_UNUSED_VARIABLE = YES;
				IPHONEOS_DEPLOYMENT_TARGET = 11.2;
				MTL_ENABLE_DEBUG_INFO = YES;
				ONLY_ACTIVE_ARCH = YES;
				SDKROOT = iphoneos;
			};
			name = Debug;
		};
		09D19A58201788A30015AED4 /* Release */ = {
			isa = XCBuildConfiguration;
			buildSettings = {
				ALWAYS_SEARCH_USER_PATHS = NO;
				CLANG_ANALYZER_NONNULL = YES;
				CLANG_ANALYZER_NUMBER_OBJECT_CONVERSION = YES_AGGRESSIVE;
				CLANG_CXX_LANGUAGE_STANDARD = "gnu++14";
				CLANG_CXX_LIBRARY = "libc++";
				CLANG_ENABLE_MODULES = YES;
				CLANG_ENABLE_OBJC_ARC = YES;
				CLANG_WARN_BLOCK_CAPTURE_AUTORELEASING = YES;
				CLANG_WARN_BOOL_CONVERSION = YES;
				CLANG_WARN_COMMA = YES;
				CLANG_WARN_CONSTANT_CONVERSION = YES;
				CLANG_WARN_DIRECT_OBJC_ISA_USAGE = YES_ERROR;
				CLANG_WARN_DOCUMENTATION_COMMENTS = YES;
				CLANG_WARN_EMPTY_BODY = YES;
				CLANG_WARN_ENUM_CONVERSION = YES;
				CLANG_WARN_INFINITE_RECURSION = YES;
				CLANG_WARN_INT_CONVERSION = YES;
				CLANG_WARN_NON_LITERAL_NULL_CONVERSION = YES;
				CLANG_WARN_OBJC_LITERAL_CONVERSION = YES;
				CLANG_WARN_OBJC_ROOT_CLASS = YES_ERROR;
				CLANG_WARN_RANGE_LOOP_ANALYSIS = YES;
				CLANG_WARN_STRICT_PROTOTYPES = YES;
				CLANG_WARN_SUSPICIOUS_MOVE = YES;
				CLANG_WARN_UNGUARDED_AVAILABILITY = YES_AGGRESSIVE;
				CLANG_WARN_UNREACHABLE_CODE = YES;
				CLANG_WARN__DUPLICATE_METHOD_MATCH = YES;
				CODE_SIGN_IDENTITY = "iPhone Developer";
				COPY_PHASE_STRIP = NO;
				DEBUG_INFORMATION_FORMAT = "dwarf-with-dsym";
				ENABLE_NS_ASSERTIONS = NO;
				ENABLE_STRICT_OBJC_MSGSEND = YES;
				GCC_C_LANGUAGE_STANDARD = gnu11;
				GCC_NO_COMMON_BLOCKS = YES;
				GCC_WARN_64_TO_32_BIT_CONVERSION = YES;
				GCC_WARN_ABOUT_RETURN_TYPE = YES_ERROR;
				GCC_WARN_UNDECLARED_SELECTOR = YES;
				GCC_WARN_UNINITIALIZED_AUTOS = YES_AGGRESSIVE;
				GCC_WARN_UNUSED_FUNCTION = YES;
				GCC_WARN_UNUSED_VARIABLE = YES;
				IPHONEOS_DEPLOYMENT_TARGET = 11.2;
				MTL_ENABLE_DEBUG_INFO = NO;
				SDKROOT = iphoneos;
				VALIDATE_PRODUCT = YES;
			};
			name = Release;
		};
		09D19A5A201788A30015AED4 /* Debug */ = {
			isa = XCBuildConfiguration;
			buildSettings = {
				ASSETCATALOG_COMPILER_APPICON_NAME = AppIcon;
				CODE_SIGN_STYLE = Automatic;
				DEVELOPMENT_TEAM = 89KA7SPT62;
				INFOPLIST_FILE = PruebasMapas/Info.plist;
				IPHONEOS_DEPLOYMENT_TARGET = 10.0;
				LD_RUNPATH_SEARCH_PATHS = "$(inherited) @executable_path/Frameworks";
				PRODUCT_BUNDLE_IDENTIFIER = com.TATINC.PruebasMapas;
				PRODUCT_NAME = "$(TARGET_NAME)";
				TARGETED_DEVICE_FAMILY = "1,2";
			};
			name = Debug;
		};
		09D19A5B201788A30015AED4 /* Release */ = {
			isa = XCBuildConfiguration;
			buildSettings = {
				ASSETCATALOG_COMPILER_APPICON_NAME = AppIcon;
				CODE_SIGN_STYLE = Automatic;
				DEVELOPMENT_TEAM = 89KA7SPT62;
				INFOPLIST_FILE = PruebasMapas/Info.plist;
				IPHONEOS_DEPLOYMENT_TARGET = 10.0;
				LD_RUNPATH_SEARCH_PATHS = "$(inherited) @executable_path/Frameworks";
				PRODUCT_BUNDLE_IDENTIFIER = com.TATINC.PruebasMapas;
				PRODUCT_NAME = "$(TARGET_NAME)";
				TARGETED_DEVICE_FAMILY = "1,2";
			};
			name = Release;
		};
/* End XCBuildConfiguration section */

/* Begin XCConfigurationList section */
		09D19A3E201788A30015AED4 /* Build configuration list for PBXProject "PruebasMapas" */ = {
			isa = XCConfigurationList;
			buildConfigurations = (
				09D19A57201788A30015AED4 /* Debug */,
				09D19A58201788A30015AED4 /* Release */,
			);
			defaultConfigurationIsVisible = 0;
			defaultConfigurationName = Release;
		};
		09D19A59201788A30015AED4 /* Build configuration list for PBXNativeTarget "PruebasMapas" */ = {
			isa = XCConfigurationList;
			buildConfigurations = (
				09D19A5A201788A30015AED4 /* Debug */,
				09D19A5B201788A30015AED4 /* Release */,
			);
			defaultConfigurationIsVisible = 0;
			defaultConfigurationName = Release;
		};
/* End XCConfigurationList section */
	};
	rootObject = 09D19A3B201788A30015AED4 /* Project object */;
}
